
Microsoft Visual Studio Solution File, Format Version 12.00
# Visual Studio 15
VisualStudioVersion = 15.0.27130.2036
MinimumVisualStudioVersion = 10.0.40219.1
Project("{FAE04EC0-301F-11D3-BF4B-00C04F79EFBC}") = "WEB02KDV", "WEB02KDV\WEB02KDV.csproj", "{AD8DE383-090A-430D-861B-E1678A2500F9}"
EndProject
Global
	GlobalSection(SolutionConfigurationPlatforms) = preSolution
		Debug|Any CPU = Debug|Any CPU
		Release|Any CPU = Release|Any CPU
	EndGlobalSection
	GlobalSection(ProjectConfigurationPlatforms) = postSolution
		{AD8DE383-090A-430D-861B-E1678A2500F9}.Debug|Any CPU.ActiveCfg = Debug|Any CPU
		{AD8DE383-090A-430D-861B-E1678A2500F9}.Debug|Any CPU.Build.0 = Debug|Any CPU
		{AD8DE383-090A-430D-861B-E1678A2500F9}.Release|Any CPU.ActiveCfg = Release|Any CPU
		{AD8DE383-090A-430D-861B-E1678A2500F9}.Release|Any CPU.Build.0 = Release|Any CPU
	EndGlobalSection
	GlobalSection(SolutionProperties) = preSolution
		HideSolutionNode = FALSE
	EndGlobalSection
	GlobalSection(ExtensibilityGlobals) = postSolution
		SolutionGuid = {FF5AB7B1-516A-4FDA-A986-1B58EE67490B}
	EndGlobalSection
EndGlobal
