
Microsoft Visual Studio Solution File, Format Version 12.00
# Visual Studio 15
VisualStudioVersion = 15.0.27130.2036
MinimumVisualStudioVersion = 10.0.40219.1
Project("{FAE04EC0-301F-11D3-BF4B-00C04F79EFBC}") = "WEB5D", "WEB5D\WEB5D.csproj", "{F02308FA-2566-4B29-AE28-D16D68C07903}"
EndProject
Global
	GlobalSection(SolutionConfigurationPlatforms) = preSolution
		Debug|Any CPU = Debug|Any CPU
		Release|Any CPU = Release|Any CPU
	EndGlobalSection
	GlobalSection(ProjectConfigurationPlatforms) = postSolution
		{F02308FA-2566-4B29-AE28-D16D68C07903}.Debug|Any CPU.ActiveCfg = Debug|Any CPU
		{F02308FA-2566-4B29-AE28-D16D68C07903}.Debug|Any CPU.Build.0 = Debug|Any CPU
		{F02308FA-2566-4B29-AE28-D16D68C07903}.Release|Any CPU.ActiveCfg = Release|Any CPU
		{F02308FA-2566-4B29-AE28-D16D68C07903}.Release|Any CPU.Build.0 = Release|Any CPU
	EndGlobalSection
	GlobalSection(SolutionProperties) = preSolution
		HideSolutionNode = FALSE
	EndGlobalSection
	GlobalSection(ExtensibilityGlobals) = postSolution
		SolutionGuid = {49E937FA-3A0E-4D2B-8194-84B1FE05244D}
	EndGlobalSection
EndGlobal
